
Microsoft Visual Studio Solution File, Format Version 12.00
# Visual Studio Version 16
VisualStudioVersion = 16.0.30413.136
MinimumVisualStudioVersion = 10.0.40219.1
Project("{FAE04EC0-301F-11D3-BF4B-00C04F79EFBC}") = "YeniStaj", "YeniStaj\YeniStaj.csproj", "{3626F8CD-64BD-4835-B660-9440F3C7499B}"
EndProject
Global
	GlobalSection(SolutionConfigurationPlatforms) = preSolution
		Debug|Any CPU = Debug|Any CPU
		Release|Any CPU = Release|Any CPU
	EndGlobalSection
	GlobalSection(ProjectConfigurationPlatforms) = postSolution
		{3626F8CD-64BD-4835-B660-9440F3C7499B}.Debug|Any CPU.ActiveCfg = Debug|Any CPU
		{3626F8CD-64BD-4835-B660-9440F3C7499B}.Debug|Any CPU.Build.0 = Debug|Any CPU
		{3626F8CD-64BD-4835-B660-9440F3C7499B}.Release|Any CPU.ActiveCfg = Release|Any CPU
		{3626F8CD-64BD-4835-B660-9440F3C7499B}.Release|Any CPU.Build.0 = Release|Any CPU
	EndGlobalSection
	GlobalSection(SolutionProperties) = preSolution
		HideSolutionNode = FALSE
	EndGlobalSection
	GlobalSection(ExtensibilityGlobals) = postSolution
		SolutionGuid = {F7CC0A7F-26FF-431C-9AAD-C75FFA936EBC}
	EndGlobalSection
EndGlobal
